
Microsoft Visual Studio Solution File, Format Version 12.00
# Visual Studio Version 17
VisualStudioVersion = 17.4.33103.184
MinimumVisualStudioVersion = 10.0.40219.1
Project("{FAE04EC0-301F-11D3-BF4B-00C04F79EFBC}") = "InvoiceApp", "InvoiceApp\InvoiceApp.csproj", "{B0E9E49F-B669-405B-8E2F-3AF78C473E80}"
EndProject
Global
	GlobalSection(SolutionConfigurationPlatforms) = preSolution
		Debug|Any CPU = Debug|Any CPU
		Release|Any CPU = Release|Any CPU
	EndGlobalSection
	GlobalSection(ProjectConfigurationPlatforms) = postSolution
		{B0E9E49F-B669-405B-8E2F-3AF78C473E80}.Debug|Any CPU.ActiveCfg = Debug|Any CPU
		{B0E9E49F-B669-405B-8E2F-3AF78C473E80}.Debug|Any CPU.Build.0 = Debug|Any CPU
		{B0E9E49F-B669-405B-8E2F-3AF78C473E80}.Release|Any CPU.ActiveCfg = Release|Any CPU
		{B0E9E49F-B669-405B-8E2F-3AF78C473E80}.Release|Any CPU.Build.0 = Release|Any CPU
	EndGlobalSection
	GlobalSection(SolutionProperties) = preSolution
		HideSolutionNode = FALSE
	EndGlobalSection
	GlobalSection(ExtensibilityGlobals) = postSolution
		SolutionGuid = {11B28A74-D071-4DA8-A636-E5408727F7C3}
	EndGlobalSection
EndGlobal
